
Microsoft Visual Studio Solution File, Format Version 12.00
# Visual Studio Version 17
VisualStudioVersion = 17.9.34714.143
MinimumVisualStudioVersion = 10.0.40219.1
Project("{FAE04EC0-301F-11D3-BF4B-00C04F79EFBC}") = "MenuAppBlazor", "MenuAppBlazor\MenuAppBlazor.csproj", "{6F9B98E3-F8B5-454D-B971-9EAFD6EB292B}"
EndProject
Global
	GlobalSection(SolutionConfigurationPlatforms) = preSolution
		Debug|Any CPU = Debug|Any CPU
		Release|Any CPU = Release|Any CPU
	EndGlobalSection
	GlobalSection(ProjectConfigurationPlatforms) = postSolution
		{6F9B98E3-F8B5-454D-B971-9EAFD6EB292B}.Debug|Any CPU.ActiveCfg = Debug|Any CPU
		{6F9B98E3-F8B5-454D-B971-9EAFD6EB292B}.Debug|Any CPU.Build.0 = Debug|Any CPU
		{6F9B98E3-F8B5-454D-B971-9EAFD6EB292B}.Release|Any CPU.ActiveCfg = Release|Any CPU
		{6F9B98E3-F8B5-454D-B971-9EAFD6EB292B}.Release|Any CPU.Build.0 = Release|Any CPU
	EndGlobalSection
	GlobalSection(SolutionProperties) = preSolution
		HideSolutionNode = FALSE
	EndGlobalSection
	GlobalSection(ExtensibilityGlobals) = postSolution
		SolutionGuid = {8AC4182D-C83E-4436-9771-B65BB9A6E38C}
	EndGlobalSection
EndGlobal
